// !$*UTF8*$!
{
	archiveVersion = 1;
	classes = {
	};
	objectVersion = 46;
	objects = {

/* Begin PBXBuildFile section */
		AB83F59819ED8E4200546E14 /* AppDelegate.swift in Sources */ = {isa = PBXBuildFile; fileRef = AB83F59719ED8E4200546E14 /* AppDelegate.swift */; };
		AB83F59A19ED8E4200546E14 /* ViewController.swift in Sources */ = {isa = PBXBuildFile; fileRef = AB83F59919ED8E4200546E14 /* ViewController.swift */; };
		AB83F59D19ED8E4200546E14 /* Main.storyboard in Resources */ = {isa = PBXBuildFile; fileRef = AB83F59B19ED8E4200546E14 /* Main.storyboard */; };
		AB83F59F19ED8E4200546E14 /* Images.xcassets in Resources */ = {isa = PBXBuildFile; fileRef = AB83F59E19ED8E4200546E14 /* Images.xcassets */; };
		AB83F5A219ED8E4200546E14 /* LaunchScreen.xib in Resources */ = {isa = PBXBuildFile; fileRef = AB83F5A019ED8E4200546E14 /* LaunchScreen.xib */; };
		AB83F5AE19ED8E4200546E14 /* Postcard_8Tests.swift in Sources */ = {isa = PBXBuildFile; fileRef = AB83F5AD19ED8E4200546E14 /* Postcard_8Tests.swift */; };
		AB83F5B819ED8E5E00546E14 /* AlbertEinsteinStamp.jpg in Resources */ = {isa = PBXBuildFile; fileRef = AB83F5B719ED8E5E00546E14 /* AlbertEinsteinStamp.jpg */; };
		AB83F5BA19ED8E6500546E14 /* SagradaFamilia.jpeg in Resources */ = {isa = PBXBuildFile; fileRef = AB83F5B919ED8E6500546E14 /* SagradaFamilia.jpeg */; };
/* End PBXBuildFile section */

/* Begin PBXContainerItemProxy section */
		AB83F5A819ED8E4200546E14 /* PBXContainerItemProxy */ = {
			isa = PBXContainerItemProxy;
			containerPortal = AB83F58A19ED8E4200546E14 /* Project object */;
			proxyType = 1;
			remoteGlobalIDString = AB83F59119ED8E4200546E14;
			remoteInfo = "Postcard 8";
		};
/* End PBXContainerItemProxy section */

/* Begin PBXFileReference section */
		AB83F59219ED8E4200546E14 /* Postcard 8.app */ = {isa = PBXFileReference; explicitFileType = wrapper.application; includeInIndex = 0; path = "Postcard 8.app"; sourceTree = BUILT_PRODUCTS_DIR; };
		AB83F59619ED8E4200546E14 /* Info.plist */ = {isa = PBXFileReference; lastKnownFileType = text.plist.xml; path = Info.plist; sourceTree = "<group>"; };
		AB83F59719ED8E4200546E14 /* AppDelegate.swift */ = {isa = PBXFileReference; lastKnownFileType = sourcecode.swift; path = AppDelegate.swift; sourceTree = "<group>"; };
		AB83F59919ED8E4200546E14 /* ViewController.swift */ = {isa = PBXFileReference; lastKnownFileType = sourcecode.swift; path = ViewController.swift; sourceTree = "<group>"; };
		AB83F59C19ED8E4200546E14 /* Base */ = {isa = PBXFileReference; lastKnownFileType = file.storyboard; name = Base; path = Base.lproj/Main.storyboard; sourceTree = "<group>"; };
		AB83F59E19ED8E4200546E14 /* Images.xcassets */ = {isa = PBXFileReference; lastKnownFileType = folder.assetcatalog; path = Images.xcassets; sourceTree = "<group>"; };
		AB83F5A119ED8E4200546E14 /* Base */ = {isa = PBXFileReference; lastKnownFileType = file.xib; name = Base; path = Base.lproj/LaunchScreen.xib; sourceTree = "<group>"; };
		AB83F5A719ED8E4200546E14 /* Postcard 8Tests.xctest */ = {isa = PBXFileReference; explicitFileType = wrapper.cfbundle; includeInIndex = 0; path = "Postcard 8Tests.xctest"; sourceTree = BUILT_PRODUCTS_DIR; };
		AB83F5AC19ED8E4200546E14 /* Info.plist */ = {isa = PBXFileReference; lastKnownFileType = text.plist.xml; path = Info.plist; sourceTree = "<group>"; };
		AB83F5AD19ED8E4200546E14 /* Postcard_8Tests.swift */ = {isa = PBXFileReference; lastKnownFileType = sourcecode.swift; path = Postcard_8Tests.swift; sourceTree = "<group>"; };
		AB83F5B719ED8E5E00546E14 /* AlbertEinsteinStamp.jpg */ = {isa = PBXFileReference; lastKnownFileType = image.jpeg; path = AlbertEinsteinStamp.jpg; sourceTree = "<group>"; };
		AB83F5B919ED8E6500546E14 /* SagradaFamilia.jpeg */ = {isa = PBXFileReference; lastKnownFileType = image.jpeg; path = SagradaFamilia.jpeg; sourceTree = "<group>"; };
/* End PBXFileReference section */

/* Begin PBXFrameworksBuildPhase section */
		AB83F58F19ED8E4200546E14 /* Frameworks */ = {
			isa = PBXFrameworksBuildPhase;
			buildActionMask = 2147483647;
			files = (
			);
			runOnlyForDeploymentPostprocessing = 0;
		};
		AB83F5A419ED8E4200546E14 /* Frameworks */ = {
			isa = PBXFrameworksBuildPhase;
			buildActionMask = 2147483647;
			files = (
			);
			runOnlyForDeploymentPostprocessing = 0;
		};
/* End PBXFrameworksBuildPhase section */

/* Begin PBXGroup section */
		AB83F58919ED8E4200546E14 = {
			isa = PBXGroup;
			children = (
				AB83F59419ED8E4200546E14 /* Postcard 8 */,
				AB83F5AA19ED8E4200546E14 /* Postcard 8Tests */,
				AB83F59319ED8E4200546E14 /* Products */,
			);
			sourceTree = "<group>";
		};
		AB83F59319ED8E4200546E14 /* Products */ = {
			isa = PBXGroup;
			children = (
				AB83F59219ED8E4200546E14 /* Postcard 8.app */,
				AB83F5A719ED8E4200546E14 /* Postcard 8Tests.xctest */,
			);
			name = Products;
			sourceTree = "<group>";
		};
		AB83F59419ED8E4200546E14 /* Postcard 8 */ = {
			isa = PBXGroup;
			children = (
				AB83F59719ED8E4200546E14 /* AppDelegate.swift */,
				AB83F59919ED8E4200546E14 /* ViewController.swift */,
				AB83F59B19ED8E4200546E14 /* Main.storyboard */,
				AB83F59E19ED8E4200546E14 /* Images.xcassets */,
				AB83F5A019ED8E4200546E14 /* LaunchScreen.xib */,
				AB83F59519ED8E4200546E14 /* Supporting Files */,
			);
			path = "Postcard 8";
			sourceTree = "<group>";
		};
		AB83F59519ED8E4200546E14 /* Supporting Files */ = {
			isa = PBXGroup;
			children = (
				AB83F5B919ED8E6500546E14 /* SagradaFamilia.jpeg */,
				AB83F5B719ED8E5E00546E14 /* AlbertEinsteinStamp.jpg */,
				AB83F59619ED8E4200546E14 /* Info.plist */,
			);
			name = "Supporting Files";
			sourceTree = "<group>";
		};
		AB83F5AA19ED8E4200546E14 /* Postcard 8Tests */ = {
			isa = PBXGroup;
			children = (
				AB83F5AD19ED8E4200546E14 /* Postcard_8Tests.swift */,
				AB83F5AB19ED8E4200546E14 /* Supporting Files */,
			);
			path = "Postcard 8Tests";
			sourceTree = "<group>";
		};
		AB83F5AB19ED8E4200546E14 /* Supporting Files */ = {
			isa = PBXGroup;
			children = (
				AB83F5AC19ED8E4200546E14 /* Info.plist */,
			);
			name = "Supporting Files";
			sourceTree = "<group>";
		};
/* End PBXGroup section */

/* Begin PBXNativeTarget section */
		AB83F59119ED8E4200546E14 /* Postcard 8 */ = {
			isa = PBXNativeTarget;
			buildConfigurationList = AB83F5B119ED8E4200546E14 /* Build configuration list for PBXNativeTarget "Postcard 8" */;
			buildPhases = (
				AB83F58E19ED8E4200546E14 /* Sources */,
				AB83F58F19ED8E4200546E14 /* Frameworks */,
				AB83F59019ED8E4200546E14 /* Resources */,
			);
			buildRules = (
			);
			dependencies = (
			);
			name = "Postcard 8";
			productName = "Postcard 8";
			productReference = AB83F59219ED8E4200546E14 /* Postcard 8.app */;
			productType = "com.apple.product-type.application";
		};
		AB83F5A619ED8E4200546E14 /* Postcard 8Tests */ = {
			isa = PBXNativeTarget;
			buildConfigurationList = AB83F5B419ED8E4200546E14 /* Build configuration list for PBXNativeTarget "Postcard 8Tests" */;
			buildPhases = (
				AB83F5A319ED8E4200546E14 /* Sources */,
				AB83F5A419ED8E4200546E14 /* Frameworks */,
				AB83F5A519ED8E4200546E14 /* Resources */,
			);
			buildRules = (
			);
			dependencies = (
				AB83F5A919ED8E4200546E14 /* PBXTargetDependency */,
			);
			name = "Postcard 8Tests";
			productName = "Postcard 8Tests";
			productReference = AB83F5A719ED8E4200546E14 /* Postcard 8Tests.xctest */;
			productType = "com.apple.product-type.bundle.unit-test";
		};
/* End PBXNativeTarget section */

/* Begin PBXProject section */
		AB83F58A19ED8E4200546E14 /* Project object */ = {
			isa = PBXProject;
			attributes = {
				LastUpgradeCheck = 0600;
				ORGANIZATIONNAME = "Jonathan dunn";
				TargetAttributes = {
					AB83F59119ED8E4200546E14 = {
						CreatedOnToolsVersion = 6.0.1;
					};
					AB83F5A619ED8E4200546E14 = {
						CreatedOnToolsVersion = 6.0.1;
						TestTargetID = AB83F59119ED8E4200546E14;
					};
				};
			};
			buildConfigurationList = AB83F58D19ED8E4200546E14 /* Build configuration list for PBXProject "Postcard 8" */;
			compatibilityVersion = "Xcode 3.2";
			developmentRegion = English;
			hasScannedForEncodings = 0;
			knownRegions = (
				en,
				Base,
			);
			mainGroup = AB83F58919ED8E4200546E14;
			productRefGroup = AB83F59319ED8E4200546E14 /* Products */;
			projectDirPath = "";
			projectRoot = "";
			targets = (
				AB83F59119ED8E4200546E14 /* Postcard 8 */,
				AB83F5A619ED8E4200546E14 /* Postcard 8Tests */,
			);
		};
/* End PBXProject section */

/* Begin PBXResourcesBuildPhase section */
		AB83F59019ED8E4200546E14 /* Resources */ = {
			isa = PBXResourcesBuildPhase;
			buildActionMask = 2147483647;
			files = (
				AB83F5B819ED8E5E00546E14 /* AlbertEinsteinStamp.jpg in Resources */,
				AB83F59D19ED8E4200546E14 /* Main.storyboard in Resources */,
				AB83F5A219ED8E4200546E14 /* LaunchScreen.xib in Resources */,
				AB83F59F19ED8E4200546E14 /* Images.xcassets in Resources */,
				AB83F5BA19ED8E6500546E14 /* SagradaFamilia.jpeg in Resources */,
			);
			runOnlyForDeploymentPostprocessing = 0;
		};
		AB83F5A519ED8E4200546E14 /* Resources */ = {
			isa = PBXResourcesBuildPhase;
			buildActionMask = 2147483647;
			files = (
			);
			runOnlyForDeploymentPostprocessing = 0;
		};
/* End PBXResourcesBuildPhase section */

/* Begin PBXSourcesBuildPhase section */
		AB83F58E19ED8E4200546E14 /* Sources */ = {
			isa = PBXSourcesBuildPhase;
			buildActionMask = 2147483647;
			files = (
				AB83F59A19ED8E4200546E14 /* ViewController.swift in Sources */,
				AB83F59819ED8E4200546E14 /* AppDelegate.swift in Sources */,
			);
			runOnlyForDeploymentPostprocessing = 0;
		};
		AB83F5A319ED8E4200546E14 /* Sources */ = {
			isa = PBXSourcesBuildPhase;
			buildActionMask = 2147483647;
			files = (
				AB83F5AE19ED8E4200546E14 /* Postcard_8Tests.swift in Sources */,
			);
			runOnlyForDeploymentPostprocessing = 0;
		};
/* End PBXSourcesBuildPhase section */

/* Begin PBXTargetDependency section */
		AB83F5A919ED8E4200546E14 /* PBXTargetDependency */ = {
			isa = PBXTargetDependency;
			target = AB83F59119ED8E4200546E14 /* Postcard 8 */;
			targetProxy = AB83F5A819ED8E4200546E14 /* PBXContainerItemProxy */;
		};
/* End PBXTargetDependency section */

/* Begin PBXVariantGroup section */
		AB83F59B19ED8E4200546E14 /* Main.storyboard */ = {
			isa = PBXVariantGroup;
			children = (
				AB83F59C19ED8E4200546E14 /* Base */,
			);
			name = Main.storyboard;
			sourceTree = "<group>";
		};
		AB83F5A019ED8E4200546E14 /* LaunchScreen.xib */ = {
			isa = PBXVariantGroup;
			children = (
				AB83F5A119ED8E4200546E14 /* Base */,
			);
			name = LaunchScreen.xib;
			sourceTree = "<group>";
		};
/* End PBXVariantGroup section */

/* Begin XCBuildConfiguration section */
		AB83F5AF19ED8E4200546E14 /* Debug */ = {
			isa = XCBuildConfiguration;
			buildSettings = {
				ALWAYS_SEARCH_USER_PATHS = NO;
				CLANG_CXX_LANGUAGE_STANDARD = "gnu++0x";
				CLANG_CXX_LIBRARY = "libc++";
				CLANG_ENABLE_MODULES = YES;
				CLANG_ENABLE_OBJC_ARC = YES;
				CLANG_WARN_BOOL_CONVERSION = YES;
				CLANG_WARN_CONSTANT_CONVERSION = YES;
				CLANG_WARN_DIRECT_OBJC_ISA_USAGE = YES_ERROR;
				CLANG_WARN_EMPTY_BODY = YES;
				CLANG_WARN_ENUM_CONVERSION = YES;
				CLANG_WARN_INT_CONVERSION = YES;
				CLANG_WARN_OBJC_ROOT_CLASS = YES_ERROR;
				CLANG_WARN_UNREACHABLE_CODE = YES;
				CLANG_WARN__DUPLICATE_METHOD_MATCH = YES;
				"CODE_SIGN_IDENTITY[sdk=iphoneos*]" = "iPhone Developer";
				COPY_PHASE_STRIP = NO;
				ENABLE_STRICT_OBJC_MSGSEND = YES;
				GCC_C_LANGUAGE_STANDARD = gnu99;
				GCC_DYNAMIC_NO_PIC = NO;
				GCC_OPTIMIZATION_LEVEL = 0;
				GCC_PREPROCESSOR_DEFINITIONS = (
					"DEBUG=1",
					"$(inherited)",
				);
				GCC_SYMBOLS_PRIVATE_EXTERN = NO;
				GCC_WARN_64_TO_32_BIT_CONVERSION = YES;
				GCC_WARN_ABOUT_RETURN_TYPE = YES_ERROR;
				GCC_WARN_UNDECLARED_SELECTOR = YES;
				GCC_WARN_UNINITIALIZED_AUTOS = YES_AGGRESSIVE;
				GCC_WARN_UNUSED_FUNCTION = YES;
				GCC_WARN_UNUSED_VARIABLE = YES;
				IPHONEOS_DEPLOYMENT_TARGET = 8.0;
				MTL_ENABLE_DEBUG_INFO = YES;
				ONLY_ACTIVE_ARCH = YES;
				SDKROOT = iphoneos;
				SWIFT_OPTIMIZATION_LEVEL = "-Onone";
				TARGETED_DEVICE_FAMILY = "1,2";
			};
			name = Debug;
		};
		AB83F5B019ED8E4200546E14 /* Release */ = {
			isa = XCBuildConfiguration;
			buildSettings = {
				ALWAYS_SEARCH_USER_PATHS = NO;
				CLANG_CXX_LANGUAGE_STANDARD = "gnu++0x";
				CLANG_CXX_LIBRARY = "libc++";
				CLANG_ENABLE_MODULES = YES;
				CLANG_ENABLE_OBJC_ARC = YES;
				CLANG_WARN_BOOL_CONVERSION = YES;
				CLANG_WARN_CONSTANT_CONVERSION = YES;
				CLANG_WARN_DIRECT_OBJC_ISA_USAGE = YES_ERROR;
				CLANG_WARN_EMPTY_BODY = YES;
				CLANG_WARN_ENUM_CONVERSION = YES;
				CLANG_WARN_INT_CONVERSION = YES;
				CLANG_WARN_OBJC_ROOT_CLASS = YES_ERROR;
				CLANG_WARN_UNREACHABLE_CODE = YES;
				CLANG_WARN__DUPLICATE_METHOD_MATCH = YES;
				"CODE_SIGN_IDENTITY[sdk=iphoneos*]" = "iPhone Developer";
				COPY_PHASE_STRIP = YES;
				ENABLE_NS_ASSERTIONS = NO;
				ENABLE_STRICT_OBJC_MSGSEND = YES;
				GCC_C_LANGUAGE_STANDARD = gnu99;
				GCC_WARN_64_TO_32_BIT_CONVERSION = YES;
				GCC_WARN_ABOUT_RETURN_TYPE = YES_ERROR;
				GCC_WARN_UNDECLARED_SELECTOR = YES;
				GCC_WARN_UNINITIALIZED_AUTOS = YES_AGGRESSIVE;
				GCC_WARN_UNUSED_FUNCTION = YES;
				GCC_WARN_UNUSED_VARIABLE = YES;
				IPHONEOS_DEPLOYMENT_TARGET = 8.0;
				MTL_ENABLE_DEBUG_INFO = NO;
				SDKROOT = iphoneos;
				TARGETED_DEVICE_FAMILY = "1,2";
				VALIDATE_PRODUCT = YES;
			};
			name = Release;
		};
		AB83F5B219ED8E4200546E14 /* Debug */ = {
			isa = XCBuildConfiguration;
			buildSettings = {
				ASSETCATALOG_COMPILER_APPICON_NAME = AppIcon;
				INFOPLIST_FILE = "Postcard 8/Info.plist";
				LD_RUNPATH_SEARCH_PATHS = "$(inherited) @executable_path/Frameworks";
				PRODUCT_NAME = "$(TARGET_NAME)";
			};
			name = Debug;
		};
		AB83F5B319ED8E4200546E14 /* Release */ = {
			isa = XCBuildConfiguration;
			buildSettings = {
				ASSETCATALOG_COMPILER_APPICON_NAME = AppIcon;
				INFOPLIST_FILE = "Postcard 8/Info.plist";
				LD_RUNPATH_SEARCH_PATHS = "$(inherited) @executable_path/Frameworks";
				PRODUCT_NAME = "$(TARGET_NAME)";
			};
			name = Release;
		};
		AB83F5B519ED8E4200546E14 /* Debug */ = {
			isa = XCBuildConfiguration;
			buildSettings = {
				BUNDLE_LOADER = "$(TEST_HOST)";
				FRAMEWORK_SEARCH_PATHS = (
					"$(SDKROOT)/Developer/Library/Frameworks",
					"$(inherited)",
				);
				GCC_PREPROCESSOR_DEFINITIONS = (
					"DEBUG=1",
					"$(inherited)",
				);
				INFOPLIST_FILE = "Postcard 8Tests/Info.plist";
				LD_RUNPATH_SEARCH_PATHS = "$(inherited) @executable_path/Frameworks @loader_path/Frameworks";
				PRODUCT_NAME = "$(TARGET_NAME)";
				TEST_HOST = "$(BUILT_PRODUCTS_DIR)/Postcard 8.app/Postcard 8";
			};
			name = Debug;
		};
		AB83F5B619ED8E4200546E14 /* Release */ = {
			isa = XCBuildConfiguration;
			buildSettings = {
				BUNDLE_LOADER = "$(TEST_HOST)";
				FRAMEWORK_SEARCH_PATHS = (
					"$(SDKROOT)/Developer/Library/Frameworks",
					"$(inherited)",
				);
				INFOPLIST_FILE = "Postcard 8Tests/Info.plist";
				LD_RUNPATH_SEARCH_PATHS = "$(inherited) @executable_path/Frameworks @loader_path/Frameworks";
				PRODUCT_NAME = "$(TARGET_NAME)";
				TEST_HOST = "$(BUILT_PRODUCTS_DIR)/Postcard 8.app/Postcard 8";
			};
			name = Release;
		};
/* End XCBuildConfiguration section */

/* Begin XCConfigurationList section */
		AB83F58D19ED8E4200546E14 /* Build configuration list for PBXProject "Postcard 8" */ = {
			isa = XCConfigurationList;
			buildConfigurations = (
				AB83F5AF19ED8E4200546E14 /* Debug */,
				AB83F5B019ED8E4200546E14 /* Release */,
			);
			defaultConfigurationIsVisible = 0;
			defaultConfigurationName = Release;
		};
		AB83F5B119ED8E4200546E14 /* Build configuration list for PBXNativeTarget "Postcard 8" */ = {
			isa = XCConfigurationList;
			buildConfigurations = (
				AB83F5B219ED8E4200546E14 /* Debug */,
				AB83F5B319ED8E4200546E14 /* Release */,
			);
			defaultConfigurationIsVisible = 0;
		};
		AB83F5B419ED8E4200546E14 /* Build configuration list for PBXNativeTarget "Postcard 8Tests" */ = {
			isa = XCConfigurationList;
			buildConfigurations = (
				AB83F5B519ED8E4200546E14 /* Debug */,
				AB83F5B619ED8E4200546E14 /* Release */,
			);
			defaultConfigurationIsVisible = 0;
		};
/* End XCConfigurationList section */
	};
	rootObject = AB83F58A19ED8E4200546E14 /* Project object */;
}
